
Microsoft Visual Studio Solution File, Format Version 12.00
# Visual Studio 15
VisualStudioVersion = 15.0.27130.2010
MinimumVisualStudioVersion = 10.0.40219.1
Project("{FAE04EC0-301F-11D3-BF4B-00C04F79EFBC}") = "0208", "0208\0208.csproj", "{B541F7F8-9D60-4237-A788-FF33D2B6A336}"
EndProject
Project("{FAE04EC0-301F-11D3-BF4B-00C04F79EFBC}") = "UnitTestProject1", "UnitTestProject1\UnitTestProject1.csproj", "{740329EE-EE45-4BCF-9749-7F49990554F9}"
EndProject
Global
	GlobalSection(SolutionConfigurationPlatforms) = preSolution
		Debug|Any CPU = Debug|Any CPU
		Release|Any CPU = Release|Any CPU
	EndGlobalSection
	GlobalSection(ProjectConfigurationPlatforms) = postSolution
		{B541F7F8-9D60-4237-A788-FF33D2B6A336}.Debug|Any CPU.ActiveCfg = Debug|Any CPU
		{B541F7F8-9D60-4237-A788-FF33D2B6A336}.Debug|Any CPU.Build.0 = Debug|Any CPU
		{B541F7F8-9D60-4237-A788-FF33D2B6A336}.Release|Any CPU.ActiveCfg = Release|Any CPU
		{B541F7F8-9D60-4237-A788-FF33D2B6A336}.Release|Any CPU.Build.0 = Release|Any CPU
		{740329EE-EE45-4BCF-9749-7F49990554F9}.Debug|Any CPU.ActiveCfg = Debug|Any CPU
		{740329EE-EE45-4BCF-9749-7F49990554F9}.Debug|Any CPU.Build.0 = Debug|Any CPU
		{740329EE-EE45-4BCF-9749-7F49990554F9}.Release|Any CPU.ActiveCfg = Release|Any CPU
		{740329EE-EE45-4BCF-9749-7F49990554F9}.Release|Any CPU.Build.0 = Release|Any CPU
	EndGlobalSection
	GlobalSection(SolutionProperties) = preSolution
		HideSolutionNode = FALSE
	EndGlobalSection
	GlobalSection(ExtensibilityGlobals) = postSolution
		SolutionGuid = {3F0553FF-DB14-4EE0-8F56-D23844839D05}
	EndGlobalSection
EndGlobal
